
Microsoft Visual Studio Solution File, Format Version 12.00
# Visual Studio Version 16
VisualStudioVersion = 16.0.28803.352
MinimumVisualStudioVersion = 10.0.40219.1
Project("{8BC9CEB8-8B4A-11D0-8D11-00A0C91BC942}") = "Paint", "Paint.vcxproj", "{812D5919-C2FD-4317-AAA6-1CCE688A92C6}"
EndProject
Global
	GlobalSection(SolutionConfigurationPlatforms) = preSolution
		Debug|x64 = Debug|x64
		Debug|x86 = Debug|x86
		Release|x64 = Release|x64
		Release|x86 = Release|x86
	EndGlobalSection
	GlobalSection(ProjectConfigurationPlatforms) = postSolution
		{812D5919-C2FD-4317-AAA6-1CCE688A92C6}.Debug|x64.ActiveCfg = Debug|x64
		{812D5919-C2FD-4317-AAA6-1CCE688A92C6}.Debug|x64.Build.0 = Debug|x64
		{812D5919-C2FD-4317-AAA6-1CCE688A92C6}.Debug|x86.ActiveCfg = Debug|Win32
		{812D5919-C2FD-4317-AAA6-1CCE688A92C6}.Debug|x86.Build.0 = Debug|Win32
		{812D5919-C2FD-4317-AAA6-1CCE688A92C6}.Release|x64.ActiveCfg = Release|x64
		{812D5919-C2FD-4317-AAA6-1CCE688A92C6}.Release|x64.Build.0 = Release|x64
		{812D5919-C2FD-4317-AAA6-1CCE688A92C6}.Release|x86.ActiveCfg = Release|Win32
		{812D5919-C2FD-4317-AAA6-1CCE688A92C6}.Release|x86.Build.0 = Release|Win32
	EndGlobalSection
	GlobalSection(SolutionProperties) = preSolution
		HideSolutionNode = FALSE
	EndGlobalSection
	GlobalSection(ExtensibilityGlobals) = postSolution
		SolutionGuid = {2C5D6CEC-3536-439B-9DA9-196014538D75}
	EndGlobalSection
EndGlobal
